
Microsoft Visual Studio Solution File, Format Version 12.00
# Visual Studio Version 17
VisualStudioVersion = 17.2.32630.192
MinimumVisualStudioVersion = 10.0.40219.1
Project("{FAE04EC0-301F-11D3-BF4B-00C04F79EFBC}") = "InspectionApi", "InspectionApi\InspectionApi.csproj", "{2892C4A6-8C40-435E-B8BF-C38CD555EE69}"
EndProject
Global
	GlobalSection(SolutionConfigurationPlatforms) = preSolution
		Debug|Any CPU = Debug|Any CPU
		Release|Any CPU = Release|Any CPU
	EndGlobalSection
	GlobalSection(ProjectConfigurationPlatforms) = postSolution
		{2892C4A6-8C40-435E-B8BF-C38CD555EE69}.Debug|Any CPU.ActiveCfg = Debug|Any CPU
		{2892C4A6-8C40-435E-B8BF-C38CD555EE69}.Debug|Any CPU.Build.0 = Debug|Any CPU
		{2892C4A6-8C40-435E-B8BF-C38CD555EE69}.Release|Any CPU.ActiveCfg = Release|Any CPU
		{2892C4A6-8C40-435E-B8BF-C38CD555EE69}.Release|Any CPU.Build.0 = Release|Any CPU
	EndGlobalSection
	GlobalSection(SolutionProperties) = preSolution
		HideSolutionNode = FALSE
	EndGlobalSection
	GlobalSection(ExtensibilityGlobals) = postSolution
		SolutionGuid = {9406EB3B-DF08-438E-AAF5-D696305AE36B}
	EndGlobalSection
EndGlobal
